<?xml version="1.0" encoding="utf-8"?>
<Project ToolsVersion="4.0" xmlns="http://schemas.microsoft.com/developer/msbuild/2003">
  <ItemGroup>
    <Filter Include="Source Files">
      <UniqueIdentifier>{4FC737F1-C7A5-4376-A066-2A32D752A2FF}</UniqueIdentifier>
      <Extensions>cpp;c;cc;cxx;c++;cppm;ixx;def;odl;idl;hpj;bat;asm;asmx</Extensions>
    </Filter>
    <Filter Include="Header Files">
      <UniqueIdentifier>{93995380-89BD-4b04-88EB-625FBE52EBFB}</UniqueIdentifier>
      <Extensions>h;hh;hpp;hxx;h++;hm;inl;inc;ipp;xsd</Extensions>
    </Filter>
    <Filter Include="Resource Files">
      <UniqueIdentifier>{67DA6AB6-F800-4c08-8B7A-83BB121AAD01}</UniqueIdentifier>
      <Extensions>rc;ico;cur;bmp;dlg;rc2;rct;bin;rgs;gif;jpg;jpeg;jpe;resx;tiff;tif;png;wav;mfcribbon-ms</Extensions>
    </Filter>
    <Filter Include="Resource Files\shaders">
      <UniqueIdentifier>{755902d6-9583-4dcd-9ba0-4277e42b970c}</UniqueIdentifier>
    </Filter>
  </ItemGroup>
  <ItemGroup>
    <ClCompile Include="main.c">
      <Filter>Source Files</Filter>
    </ClCompile>
    <ClCompile Include="Player.c">
      <Filter>Source Files</Filter>
    </ClCompile>
    <ClCompile Include="files.c">
      <Filter>Source Files</Filter>
    </ClCompile>
    <ClCompile Include="Mesh.c">
      <Filter>Source Files</Filter>
    </ClCompile>
    <ClCompile Include="Debug.c">
      <Filter>Source Files</Filter>
    </ClCompile>
    <ClCompile Include="Physics.c">
      <Filter>Source Files</Filter>
    </ClCompile>
    <ClCompile Include="scene 1.c">
      <Filter>Source Files</Filter>
    </ClCompile>
    <ClCompile Include="animations.c">
      <Filter>Source Files</Filter>
    </ClCompile>
    <ClCompile Include="EntityManager.c">
      <Filter>Source Files</Filter>
    </ClCompile>
    <ClCompile Include="entityAdder.c">
      <Filter>Source Files</Filter>
    </ClCompile>
    <ClCompile Include="entityAdder.h">
      <Filter>Source Files</Filter>
    </ClCompile>
    <ClCompile Include="math.c">
      <Filter>Source Files</Filter>
    </ClCompile>
    <ClCompile Include="Dictionary.c">
      <Filter>Source Files</Filter>
    </ClCompile>
    <ClCompile Include="collisions.c">
      <Filter>Source Files</Filter>
    </ClCompile>
  </ItemGroup>
  <ItemGroup>
    <ClInclude Include="main.h">
      <Filter>Source Files</Filter>
    </ClInclude>
    <ClInclude Include="Player.h">
      <Filter>Source Files</Filter>
    </ClInclude>
    <ClInclude Include="files.h">
      <Filter>Source Files</Filter>
    </ClInclude>
    <ClInclude Include="Mesh.h">
      <Filter>Source Files</Filter>
    </ClInclude>
    <ClInclude Include="GL stuff.h">
      <Filter>Source Files</Filter>
    </ClInclude>
    <ClInclude Include="Debug.h">
      <Filter>Source Files</Filter>
    </ClInclude>
    <ClInclude Include="Physics.h">
      <Filter>Source Files</Filter>
    </ClInclude>
    <ClInclude Include="scene 1.h">
      <Filter>Source Files</Filter>
    </ClInclude>
    <ClInclude Include="animations.h">
      <Filter>Source Files</Filter>
    </ClInclude>
    <ClInclude Include="EntityManager.h">
      <Filter>Source Files</Filter>
    </ClInclude>
    <ClInclude Include="math.h">
      <Filter>Source Files</Filter>
    </ClInclude>
    <ClInclude Include="vectors.h">
      <Filter>Source Files</Filter>
    </ClInclude>
    <ClInclude Include="Dictionary.h">
      <Filter>Source Files</Filter>
    </ClInclude>
    <ClInclude Include="collisions.h">
      <Filter>Source Files</Filter>
    </ClInclude>
  </ItemGroup>
  <ItemGroup>
    <Text Include="Basic.shader">
      <Filter>Resource Files\shaders</Filter>
    </Text>
  </ItemGroup>
  <ItemGroup>
    <None Include="debug.asm">
      <Filter>Source Files</Filter>
    </None>
  </ItemGroup>
</Project>